
Microsoft Visual Studio Solution File, Format Version 12.00
# Visual Studio 15
VisualStudioVersion = 15.0.26228.9
MinimumVisualStudioVersion = 10.0.40219.1
Project("{2150E333-8FDC-42A3-9474-1A3956D46DE8}") = "01-Singleton", "01-Singleton", "{8528C48A-9D40-4720-B674-C3DC5568899E}"
EndProject
Project("{2150E333-8FDC-42A3-9474-1A3956D46DE8}") = "02-Simple Factory", "02-Simple Factory", "{B3F82FCF-2B93-4750-8359-625527F53057}"
EndProject
Project("{2150E333-8FDC-42A3-9474-1A3956D46DE8}") = "04-Abstract Factory", "04-Abstract Factory", "{6A53DAD7-45CA-4C36-A366-26EDB1843F21}"
EndProject
Project("{2150E333-8FDC-42A3-9474-1A3956D46DE8}") = "03-Factory Method", "03-Factory Method", "{096842D8-CC4F-4211-8BCE-B58EAC945FF0}"
EndProject
Project("{2150E333-8FDC-42A3-9474-1A3956D46DE8}") = "05-Prototype", "05-Prototype", "{1BA1BA36-572D-4767-890F-56FC6C08FF34}"
EndProject
Project("{2150E333-8FDC-42A3-9474-1A3956D46DE8}") = "07-Adapter", "07-Adapter", "{CCF37CEB-F9D3-4F1E-94D0-EC28FCE9C525}"
EndProject
Project("{2150E333-8FDC-42A3-9474-1A3956D46DE8}") = "08-Bridge", "08-Bridge", "{E1CEB9EE-426D-45C1-9251-271EA0DEC692}"
EndProject
Project("{2150E333-8FDC-42A3-9474-1A3956D46DE8}") = "09-Composite", "09-Composite", "{08FDFC22-876F-4283-9CBE-599AF94B1A85}"
EndProject
Project("{2150E333-8FDC-42A3-9474-1A3956D46DE8}") = "10-Decorator", "10-Decorator", "{A72F82BD-B3ED-44C6-974B-D2800D369FA6}"
EndProject
Project("{2150E333-8FDC-42A3-9474-1A3956D46DE8}") = "11-Facade", "11-Facade", "{1ABBC193-DDCA-4A74-834D-3A09FDB3AE5C}"
EndProject
Project("{2150E333-8FDC-42A3-9474-1A3956D46DE8}") = "12-FlyWeight", "12-FlyWeight", "{B4DE13C9-1FF7-42F4-B83B-B27DD3470F91}"
EndProject
Project("{2150E333-8FDC-42A3-9474-1A3956D46DE8}") = "13-Proxy", "13-Proxy", "{6E9BC0ED-F048-4B19-A004-B56A8B2D0329}"
EndProject
Project("{FAE04EC0-301F-11D3-BF4B-00C04F79EFBC}") = "DevNotes.DotNet.DP.Singleton", "01-DevNotes.DotNet.DP.Singleton\DevNotes.DotNet.DP.Singleton.csproj", "{3DD6FA32-188B-4256-9E4E-F32980B3B1DA}"
EndProject
Project("{FAE04EC0-301F-11D3-BF4B-00C04F79EFBC}") = "DevNotes.DotNet.DP.SimpleFactory", "02-DevNotes.DotNet.DP.SimpleFactory\DevNotes.DotNet.DP.SimpleFactory.csproj", "{F75ECAFF-6601-42AB-8E6C-610C69827E25}"
EndProject
Project("{FAE04EC0-301F-11D3-BF4B-00C04F79EFBC}") = "DevNotes.DotNet.DP.Prototype", "05-DevNotes.DotNet.DP.Prototype\DevNotes.DotNet.DP.Prototype.csproj", "{E0E02F07-C660-45B6-8E57-E4FCE6FC677C}"
EndProject
Project("{FAE04EC0-301F-11D3-BF4B-00C04F79EFBC}") = "DevNotes.DotNet.DP", "00-DevNotes.DotNet.DP\DevNotes.DotNet.DP.csproj", "{A815AD3E-36C0-430D-9B83-09687B371102}"
EndProject
Project("{FAE04EC0-301F-11D3-BF4B-00C04F79EFBC}") = "DevNotes.DotNet.DP.FactoryMethod", "03-DevNotes.DotNet.DP.FactoryMethod\DevNotes.DotNet.DP.FactoryMethod.csproj", "{9DB6C776-6B2D-4CA7-A1B3-336739079DB3}"
EndProject
Project("{FAE04EC0-301F-11D3-BF4B-00C04F79EFBC}") = "DevNotes.DotNet.DP.AbstractFactory", "04-DevNotes.DotNet.DP.AbstractFactory\DevNotes.DotNet.DP.AbstractFactory.csproj", "{C1FB9FE7-3F1D-4ABA-8100-0886D88E5F53}"
EndProject
Project("{2150E333-8FDC-42A3-9474-1A3956D46DE8}") = "06-Builder", "06-Builder", "{32B08377-C94D-42D6-8C01-96EAAE78C0B0}"
EndProject
Project("{FAE04EC0-301F-11D3-BF4B-00C04F79EFBC}") = "DevNotes.DotNet.DP.Builder", "06-DevNotes.DotNet.DP.Builder\DevNotes.DotNet.DP.Builder.csproj", "{86B2D4D8-4AE8-4678-98F1-D6110A53A830}"
EndProject
Project("{FAE04EC0-301F-11D3-BF4B-00C04F79EFBC}") = "DevNotes.DotNet.DP.Adapter", "07-DevNotes.DotNet.DP.Adapter\DevNotes.DotNet.DP.Adapter.csproj", "{F22E8B65-B046-463B-8C17-77F90581C000}"
EndProject
Project("{FAE04EC0-301F-11D3-BF4B-00C04F79EFBC}") = "DevNotes.DotNet.DP.Bridge", "08-DevNotes.DotNet.DP.Bridge\DevNotes.DotNet.DP.Bridge.csproj", "{C764B908-1782-4FEF-937C-C302ADFC6320}"
EndProject
Project("{FAE04EC0-301F-11D3-BF4B-00C04F79EFBC}") = "DevNotes.DotNet.DP.Decorator", "10-DevNotes.DotNet.DP.Decorator\DevNotes.DotNet.DP.Decorator.csproj", "{F0EF67E9-A14A-4610-9F79-966B5F7BA332}"
EndProject
Project("{FAE04EC0-301F-11D3-BF4B-00C04F79EFBC}") = "DevNotes.DotNet.DP.Composite", "09-DevNotes.DotNet.DP.Composite\DevNotes.DotNet.DP.Composite\DevNotes.DotNet.DP.Composite.csproj", "{45E581FB-E654-4AE9-9219-2C8B483BE12D}"
EndProject
Project("{FAE04EC0-301F-11D3-BF4B-00C04F79EFBC}") = "DevNotes.DotNet.DP.Composite.Test", "09-DevNotes.DotNet.DP.Composite\DevNotes.DotNet.DP.Composite.Test\DevNotes.DotNet.DP.Composite.Test.csproj", "{38CAC829-527B-4591-B39C-A83CFFAC4907}"
EndProject
Project("{FAE04EC0-301F-11D3-BF4B-00C04F79EFBC}") = "DevNotes.DotNet.DP.Facade", "11-DevNotes.DotNet.DP.Facade\DevNotes.DotNet.DP.Facade\DevNotes.DotNet.DP.Facade.csproj", "{39B44616-CEA9-4DEF-AFF9-A219961B1608}"
EndProject
Global
	GlobalSection(SolutionConfigurationPlatforms) = preSolution
		Debug|Any CPU = Debug|Any CPU
		Release|Any CPU = Release|Any CPU
	EndGlobalSection
	GlobalSection(ProjectConfigurationPlatforms) = postSolution
		{3DD6FA32-188B-4256-9E4E-F32980B3B1DA}.Debug|Any CPU.ActiveCfg = Debug|Any CPU
		{3DD6FA32-188B-4256-9E4E-F32980B3B1DA}.Debug|Any CPU.Build.0 = Debug|Any CPU
		{3DD6FA32-188B-4256-9E4E-F32980B3B1DA}.Release|Any CPU.ActiveCfg = Release|Any CPU
		{3DD6FA32-188B-4256-9E4E-F32980B3B1DA}.Release|Any CPU.Build.0 = Release|Any CPU
		{F75ECAFF-6601-42AB-8E6C-610C69827E25}.Debug|Any CPU.ActiveCfg = Debug|Any CPU
		{F75ECAFF-6601-42AB-8E6C-610C69827E25}.Debug|Any CPU.Build.0 = Debug|Any CPU
		{F75ECAFF-6601-42AB-8E6C-610C69827E25}.Release|Any CPU.ActiveCfg = Release|Any CPU
		{F75ECAFF-6601-42AB-8E6C-610C69827E25}.Release|Any CPU.Build.0 = Release|Any CPU
		{E0E02F07-C660-45B6-8E57-E4FCE6FC677C}.Debug|Any CPU.ActiveCfg = Debug|Any CPU
		{E0E02F07-C660-45B6-8E57-E4FCE6FC677C}.Debug|Any CPU.Build.0 = Debug|Any CPU
		{E0E02F07-C660-45B6-8E57-E4FCE6FC677C}.Release|Any CPU.ActiveCfg = Release|Any CPU
		{E0E02F07-C660-45B6-8E57-E4FCE6FC677C}.Release|Any CPU.Build.0 = Release|Any CPU
		{A815AD3E-36C0-430D-9B83-09687B371102}.Debug|Any CPU.ActiveCfg = Debug|Any CPU
		{A815AD3E-36C0-430D-9B83-09687B371102}.Debug|Any CPU.Build.0 = Debug|Any CPU
		{A815AD3E-36C0-430D-9B83-09687B371102}.Release|Any CPU.ActiveCfg = Release|Any CPU
		{A815AD3E-36C0-430D-9B83-09687B371102}.Release|Any CPU.Build.0 = Release|Any CPU
		{9DB6C776-6B2D-4CA7-A1B3-336739079DB3}.Debug|Any CPU.ActiveCfg = Debug|Any CPU
		{9DB6C776-6B2D-4CA7-A1B3-336739079DB3}.Debug|Any CPU.Build.0 = Debug|Any CPU
		{9DB6C776-6B2D-4CA7-A1B3-336739079DB3}.Release|Any CPU.ActiveCfg = Release|Any CPU
		{9DB6C776-6B2D-4CA7-A1B3-336739079DB3}.Release|Any CPU.Build.0 = Release|Any CPU
		{C1FB9FE7-3F1D-4ABA-8100-0886D88E5F53}.Debug|Any CPU.ActiveCfg = Debug|Any CPU
		{C1FB9FE7-3F1D-4ABA-8100-0886D88E5F53}.Debug|Any CPU.Build.0 = Debug|Any CPU
		{C1FB9FE7-3F1D-4ABA-8100-0886D88E5F53}.Release|Any CPU.ActiveCfg = Release|Any CPU
		{C1FB9FE7-3F1D-4ABA-8100-0886D88E5F53}.Release|Any CPU.Build.0 = Release|Any CPU
		{86B2D4D8-4AE8-4678-98F1-D6110A53A830}.Debug|Any CPU.ActiveCfg = Debug|Any CPU
		{86B2D4D8-4AE8-4678-98F1-D6110A53A830}.Debug|Any CPU.Build.0 = Debug|Any CPU
		{86B2D4D8-4AE8-4678-98F1-D6110A53A830}.Release|Any CPU.ActiveCfg = Release|Any CPU
		{86B2D4D8-4AE8-4678-98F1-D6110A53A830}.Release|Any CPU.Build.0 = Release|Any CPU
		{F22E8B65-B046-463B-8C17-77F90581C000}.Debug|Any CPU.ActiveCfg = Debug|Any CPU
		{F22E8B65-B046-463B-8C17-77F90581C000}.Debug|Any CPU.Build.0 = Debug|Any CPU
		{F22E8B65-B046-463B-8C17-77F90581C000}.Release|Any CPU.ActiveCfg = Release|Any CPU
		{F22E8B65-B046-463B-8C17-77F90581C000}.Release|Any CPU.Build.0 = Release|Any CPU
		{C764B908-1782-4FEF-937C-C302ADFC6320}.Debug|Any CPU.ActiveCfg = Debug|Any CPU
		{C764B908-1782-4FEF-937C-C302ADFC6320}.Debug|Any CPU.Build.0 = Debug|Any CPU
		{C764B908-1782-4FEF-937C-C302ADFC6320}.Release|Any CPU.ActiveCfg = Release|Any CPU
		{C764B908-1782-4FEF-937C-C302ADFC6320}.Release|Any CPU.Build.0 = Release|Any CPU
		{F0EF67E9-A14A-4610-9F79-966B5F7BA332}.Debug|Any CPU.ActiveCfg = Debug|Any CPU
		{F0EF67E9-A14A-4610-9F79-966B5F7BA332}.Debug|Any CPU.Build.0 = Debug|Any CPU
		{F0EF67E9-A14A-4610-9F79-966B5F7BA332}.Release|Any CPU.ActiveCfg = Release|Any CPU
		{F0EF67E9-A14A-4610-9F79-966B5F7BA332}.Release|Any CPU.Build.0 = Release|Any CPU
		{45E581FB-E654-4AE9-9219-2C8B483BE12D}.Debug|Any CPU.ActiveCfg = Debug|Any CPU
		{45E581FB-E654-4AE9-9219-2C8B483BE12D}.Debug|Any CPU.Build.0 = Debug|Any CPU
		{45E581FB-E654-4AE9-9219-2C8B483BE12D}.Release|Any CPU.ActiveCfg = Release|Any CPU
		{45E581FB-E654-4AE9-9219-2C8B483BE12D}.Release|Any CPU.Build.0 = Release|Any CPU
		{38CAC829-527B-4591-B39C-A83CFFAC4907}.Debug|Any CPU.ActiveCfg = Debug|Any CPU
		{38CAC829-527B-4591-B39C-A83CFFAC4907}.Debug|Any CPU.Build.0 = Debug|Any CPU
		{38CAC829-527B-4591-B39C-A83CFFAC4907}.Release|Any CPU.ActiveCfg = Release|Any CPU
		{38CAC829-527B-4591-B39C-A83CFFAC4907}.Release|Any CPU.Build.0 = Release|Any CPU
		{39B44616-CEA9-4DEF-AFF9-A219961B1608}.Debug|Any CPU.ActiveCfg = Debug|Any CPU
		{39B44616-CEA9-4DEF-AFF9-A219961B1608}.Debug|Any CPU.Build.0 = Debug|Any CPU
		{39B44616-CEA9-4DEF-AFF9-A219961B1608}.Release|Any CPU.ActiveCfg = Release|Any CPU
		{39B44616-CEA9-4DEF-AFF9-A219961B1608}.Release|Any CPU.Build.0 = Release|Any CPU
	EndGlobalSection
	GlobalSection(SolutionProperties) = preSolution
		HideSolutionNode = FALSE
	EndGlobalSection
	GlobalSection(NestedProjects) = preSolution
		{3DD6FA32-188B-4256-9E4E-F32980B3B1DA} = {8528C48A-9D40-4720-B674-C3DC5568899E}
		{F75ECAFF-6601-42AB-8E6C-610C69827E25} = {B3F82FCF-2B93-4750-8359-625527F53057}
		{E0E02F07-C660-45B6-8E57-E4FCE6FC677C} = {1BA1BA36-572D-4767-890F-56FC6C08FF34}
		{9DB6C776-6B2D-4CA7-A1B3-336739079DB3} = {096842D8-CC4F-4211-8BCE-B58EAC945FF0}
		{C1FB9FE7-3F1D-4ABA-8100-0886D88E5F53} = {6A53DAD7-45CA-4C36-A366-26EDB1843F21}
		{86B2D4D8-4AE8-4678-98F1-D6110A53A830} = {32B08377-C94D-42D6-8C01-96EAAE78C0B0}
		{F22E8B65-B046-463B-8C17-77F90581C000} = {CCF37CEB-F9D3-4F1E-94D0-EC28FCE9C525}
		{C764B908-1782-4FEF-937C-C302ADFC6320} = {E1CEB9EE-426D-45C1-9251-271EA0DEC692}
		{F0EF67E9-A14A-4610-9F79-966B5F7BA332} = {A72F82BD-B3ED-44C6-974B-D2800D369FA6}
		{45E581FB-E654-4AE9-9219-2C8B483BE12D} = {08FDFC22-876F-4283-9CBE-599AF94B1A85}
		{38CAC829-527B-4591-B39C-A83CFFAC4907} = {08FDFC22-876F-4283-9CBE-599AF94B1A85}
		{39B44616-CEA9-4DEF-AFF9-A219961B1608} = {1ABBC193-DDCA-4A74-834D-3A09FDB3AE5C}
	EndGlobalSection
EndGlobal
